github.com/baalimago/go_away_boilerplate v1.1.3 h1:EHfpMwc5He0sJUxOH3X80BH7+THhH6S9p3SvPB7Jiwk=
github.com/baalimago/go_away_boilerplate v1.1.3/go.mod h1:2O+zQ0Zm8vPD5SeccFFlgyf3AnYWQSHAut/ecPMmRdU=
github.com/baalimago/go_away_boilerplate v1.3.337 h1:7vq2hlpklKB7tABy3KiV34jfopOEAYrAueVa3Yp3sLI=
github.com/baalimago/go_away_boilerplate v1.3.337/go.mod h1:2O+zQ0Zm8vPD5SeccFFlgyf3AnYWQSHAut/ecPMmRdU=
